
Microsoft Visual Studio Solution File, Format Version 12.00
# Visual Studio Version 17
VisualStudioVersion = 17.1.32407.343
MinimumVisualStudioVersion = 10.0.40219.1
Project("{9A19103F-16F7-4668-BE54-9A1E7A4F7556}") = "LinterProject.API", "LinterProject.API\LinterProject.API.csproj", "{D9715C49-F2C0-4E55-87FC-483E879FC0F9}"
EndProject
Project("{9A19103F-16F7-4668-BE54-9A1E7A4F7556}") = "LinterProject.Test", "LinterProject.Tests\LinterProject.Test.csproj", "{1F8D0A79-4B5A-45D0-9605-EC2F0844425B}"
EndProject
Global
	GlobalSection(SolutionConfigurationPlatforms) = preSolution
		Debug|Any CPU = Debug|Any CPU
		Release|Any CPU = Release|Any CPU
	EndGlobalSection
	GlobalSection(ProjectConfigurationPlatforms) = postSolution
		{D9715C49-F2C0-4E55-87FC-483E879FC0F9}.Debug|Any CPU.ActiveCfg = Debug|Any CPU
		{D9715C49-F2C0-4E55-87FC-483E879FC0F9}.Debug|Any CPU.Build.0 = Debug|Any CPU
		{D9715C49-F2C0-4E55-87FC-483E879FC0F9}.Release|Any CPU.ActiveCfg = Release|Any CPU
		{D9715C49-F2C0-4E55-87FC-483E879FC0F9}.Release|Any CPU.Build.0 = Release|Any CPU
		{1F8D0A79-4B5A-45D0-9605-EC2F0844425B}.Debug|Any CPU.ActiveCfg = Debug|Any CPU
		{1F8D0A79-4B5A-45D0-9605-EC2F0844425B}.Debug|Any CPU.Build.0 = Debug|Any CPU
		{1F8D0A79-4B5A-45D0-9605-EC2F0844425B}.Release|Any CPU.ActiveCfg = Release|Any CPU
		{1F8D0A79-4B5A-45D0-9605-EC2F0844425B}.Release|Any CPU.Build.0 = Release|Any CPU
	EndGlobalSection
	GlobalSection(SolutionProperties) = preSolution
		HideSolutionNode = FALSE
	EndGlobalSection
	GlobalSection(ExtensibilityGlobals) = postSolution
		SolutionGuid = {3E33B9E4-41C3-4914-9F71-7BB2F1153113}
	EndGlobalSection
EndGlobal
